
Microsoft Visual Studio Solution File, Format Version 12.00
# Visual Studio 15
VisualStudioVersion = 15.0.27004.2010
MinimumVisualStudioVersion = 10.0.40219.1
Project("{FAE04EC0-301F-11D3-BF4B-00C04F79EFBC}") = "dz_stroki_massivy", "dz_stroki_massivy\dz_stroki_massivy.csproj", "{BC1AE3FB-1936-40C7-A7DA-C15BBA476D9C}"
EndProject
Global
	GlobalSection(SolutionConfigurationPlatforms) = preSolution
		Debug|Any CPU = Debug|Any CPU
		Release|Any CPU = Release|Any CPU
	EndGlobalSection
	GlobalSection(ProjectConfigurationPlatforms) = postSolution
		{BC1AE3FB-1936-40C7-A7DA-C15BBA476D9C}.Debug|Any CPU.ActiveCfg = Debug|Any CPU
		{BC1AE3FB-1936-40C7-A7DA-C15BBA476D9C}.Debug|Any CPU.Build.0 = Debug|Any CPU
		{BC1AE3FB-1936-40C7-A7DA-C15BBA476D9C}.Release|Any CPU.ActiveCfg = Release|Any CPU
		{BC1AE3FB-1936-40C7-A7DA-C15BBA476D9C}.Release|Any CPU.Build.0 = Release|Any CPU
	EndGlobalSection
	GlobalSection(SolutionProperties) = preSolution
		HideSolutionNode = FALSE
	EndGlobalSection
	GlobalSection(ExtensibilityGlobals) = postSolution
		SolutionGuid = {A1571F16-78B1-4D6E-9E3B-EE7DBF0738B3}
	EndGlobalSection
EndGlobal
